Microsoft Visual Studio Solution File, Format Version 12.00
# Visual Studio Version 17
VisualStudioVersion = 17.5.2.0
MinimumVisualStudioVersion = 10.0.40219.1
Project("{FAE04EC0-301F-11D3-BF4B-00C04F79EFBC}") = "HomeBudgetAPI", "HomeBudgetAPI\HomeBudgetAPI.csproj", "{9EFC4527-034D-0BC4-BBC3-AB428CBBD991}"
EndProject
Global
	GlobalSection(SolutionConfigurationPlatforms) = preSolution
		Debug|Any CPU = Debug|Any CPU
		Release|Any CPU = Release|Any CPU
	EndGlobalSection
	GlobalSection(ProjectConfigurationPlatforms) = postSolution
		{9EFC4527-034D-0BC4-BBC3-AB428CBBD991}.Debug|Any CPU.ActiveCfg = Debug|Any CPU
		{9EFC4527-034D-0BC4-BBC3-AB428CBBD991}.Debug|Any CPU.Build.0 = Debug|Any CPU
		{9EFC4527-034D-0BC4-BBC3-AB428CBBD991}.Release|Any CPU.ActiveCfg = Release|Any CPU
		{9EFC4527-034D-0BC4-BBC3-AB428CBBD991}.Release|Any CPU.Build.0 = Release|Any CPU
	EndGlobalSection
	GlobalSection(SolutionProperties) = preSolution
		HideSolutionNode = FALSE
	EndGlobalSection
	GlobalSection(ExtensibilityGlobals) = postSolution
		SolutionGuid = {B6D013CA-2B2F-4E9B-AC7C-EBBC5D26BE3A}
	EndGlobalSection
EndGlobal
